
Microsoft Visual Studio Solution File, Format Version 12.00
# Visual Studio Version 17
VisualStudioVersion = 17.3.32819.101
MinimumVisualStudioVersion = 10.0.40219.1
Project("{FAE04EC0-301F-11D3-BF4B-00C04F79EFBC}") = "Clinica", "Clinica\Clinica.csproj", "{8748F2F9-E5AD-464E-9D94-3262B3A67AD6}"
EndProject
Global
	GlobalSection(SolutionConfigurationPlatforms) = preSolution
		Debug|Any CPU = Debug|Any CPU
		Release|Any CPU = Release|Any CPU
	EndGlobalSection
	GlobalSection(ProjectConfigurationPlatforms) = postSolution
		{8748F2F9-E5AD-464E-9D94-3262B3A67AD6}.Debug|Any CPU.ActiveCfg = Debug|Any CPU
		{8748F2F9-E5AD-464E-9D94-3262B3A67AD6}.Debug|Any CPU.Build.0 = Debug|Any CPU
		{8748F2F9-E5AD-464E-9D94-3262B3A67AD6}.Release|Any CPU.ActiveCfg = Release|Any CPU
		{8748F2F9-E5AD-464E-9D94-3262B3A67AD6}.Release|Any CPU.Build.0 = Release|Any CPU
	EndGlobalSection
	GlobalSection(SolutionProperties) = preSolution
		HideSolutionNode = FALSE
	EndGlobalSection
	GlobalSection(ExtensibilityGlobals) = postSolution
		SolutionGuid = {404356E2-3709-4670-ACD4-AC6CDA7E3478}
	EndGlobalSection
EndGlobal
